
Microsoft Visual Studio Solution File, Format Version 12.00
# Visual Studio 15
VisualStudioVersion = 15.0.33026.149
MinimumVisualStudioVersion = 10.0.40219.1
Project("{FAE04EC0-301F-11D3-BF4B-00C04F79EFBC}") = "pruebaconceptoAIS", "pruebaconceptoAIS\pruebaconceptoAIS.csproj", "{D56F83D7-CFEF-4232-93BB-C3620FEF90DB}"
EndProject
Global
	GlobalSection(SolutionConfigurationPlatforms) = preSolution
		Debug|Any CPU = Debug|Any CPU
		Release|Any CPU = Release|Any CPU
	EndGlobalSection
	GlobalSection(ProjectConfigurationPlatforms) = postSolution
		{D56F83D7-CFEF-4232-93BB-C3620FEF90DB}.Debug|Any CPU.ActiveCfg = Debug|Any CPU
		{D56F83D7-CFEF-4232-93BB-C3620FEF90DB}.Debug|Any CPU.Build.0 = Debug|Any CPU
		{D56F83D7-CFEF-4232-93BB-C3620FEF90DB}.Release|Any CPU.ActiveCfg = Release|Any CPU
		{D56F83D7-CFEF-4232-93BB-C3620FEF90DB}.Release|Any CPU.Build.0 = Release|Any CPU
	EndGlobalSection
	GlobalSection(SolutionProperties) = preSolution
		HideSolutionNode = FALSE
	EndGlobalSection
	GlobalSection(ExtensibilityGlobals) = postSolution
		SolutionGuid = {4958DBC2-C2C2-4FA5-B97D-AB07FF4EC4CF}
	EndGlobalSection
EndGlobal
